# This file is autogenerated, do not edit; changes may be undone by the next 'dep ensure'.


[[projects]]
  branch = "master"
  name = "github.com/andybons/gogif"
  packages = ["."]
  revision = "16d573594812bc09bc62ad1d8a4129c7ba885dc6"

[solve-meta]
  analyzer-name = "dep"
  analyzer-version = 1
  inputs-digest = "6a4c116bc488be8601742af84a1ad03e24106fc35c2b9c78d3caabb9bc531d0a"
  solver-name = "gps-cdcl"
  solver-version = 1
